// !$*UTF8*$!
{
	archiveVersion = 1;
	classes = {
	};
	objectVersion = 46;
	objects = {

/* Begin PBXBuildFile section */
		9466E9F616485AAC0002F638 /* Cocoa.framework in Frameworks */ = {isa = PBXBuildFile; fileRef = 9466E9F516485AAC0002F638 /* Cocoa.framework */; };
		9466EA0016485AAC0002F638 /* InfoPlist.strings in Resources */ = {isa = PBXBuildFile; fileRef = 9466E9FE16485AAC0002F638 /* InfoPlist.strings */; };
		9466EA0216485AAC0002F638 /* main.m in Sources */ = {isa = PBXBuildFile; fileRef = 9466EA0116485AAC0002F638 /* main.m */; };
		9466EA0616485AAC0002F638 /* Credits.rtf in Resources */ = {isa = PBXBuildFile; fileRef = 9466EA0416485AAC0002F638 /* Credits.rtf */; };
		9466EA0916485AAC0002F638 /* Document.m in Sources */ = {isa = PBXBuildFile; fileRef = 9466EA0816485AAC0002F638 /* Document.m */; };
		9466EA0C16485AAC0002F638 /* Document.xib in Resources */ = {isa = PBXBuildFile; fileRef = 9466EA0A16485AAC0002F638 /* Document.xib */; };
		9466EA0F16485AAC0002F638 /* MainMenu.xib in Resources */ = {isa = PBXBuildFile; fileRef = 9466EA0D16485AAC0002F638 /* MainMenu.xib */; };
/* End PBXBuildFile section */

/* Begin PBXFileReference section */
		9466E9F116485AAC0002F638 /* NSDocumentSandboxSparkleTest.app */ = {isa = PBXFileReference; explicitFileType = wrapper.application; includeInIndex = 0; path = NSDocumentSandboxSparkleTest.app; sourceTree = BUILT_PRODUCTS_DIR; };
		9466E9F516485AAC0002F638 /* Cocoa.framework */ = {isa = PBXFileReference; lastKnownFileType = wrapper.framework; name = Cocoa.framework; path = System/Library/Frameworks/Cocoa.framework; sourceTree = SDKROOT; };
		9466E9F816485AAC0002F638 /* AppKit.framework */ = {isa = PBXFileReference; lastKnownFileType = wrapper.framework; name = AppKit.framework; path = System/Library/Frameworks/AppKit.framework; sourceTree = SDKROOT; };
		9466E9F916485AAC0002F638 /* CoreData.framework */ = {isa = PBXFileReference; lastKnownFileType = wrapper.framework; name = CoreData.framework; path = System/Library/Frameworks/CoreData.framework; sourceTree = SDKROOT; };
		9466E9FA16485AAC0002F638 /* Foundation.framework */ = {isa = PBXFileReference; lastKnownFileType = wrapper.framework; name = Foundation.framework; path = System/Library/Frameworks/Foundation.framework; sourceTree = SDKROOT; };
		9466E9FD16485AAC0002F638 /* NSDocumentSandboxSparkleTest-Info.plist */ = {isa = PBXFileReference; lastKnownFileType = text.plist.xml; path = "NSDocumentSandboxSparkleTest-Info.plist"; sourceTree = "<group>"; };
		9466E9FF16485AAC0002F638 /* en */ = {isa = PBXFileReference; lastKnownFileType = text.plist.strings; name = en; path = en.lproj/InfoPlist.strings; sourceTree = "<group>"; };
		9466EA0116485AAC0002F638 /* main.m */ = {isa = PBXFileReference; lastKnownFileType = sourcecode.c.objc; path = main.m; sourceTree = "<group>"; };
		9466EA0316485AAC0002F638 /* NSDocumentSandboxSparkleTest-Prefix.pch */ = {isa = PBXFileReference; lastKnownFileType = sourcecode.c.h; path = "NSDocumentSandboxSparkleTest-Prefix.pch"; sourceTree = "<group>"; };
		9466EA0516485AAC0002F638 /* en */ = {isa = PBXFileReference; lastKnownFileType = text.rtf; name = en; path = en.lproj/Credits.rtf; sourceTree = "<group>"; };
		9466EA0716485AAC0002F638 /* Document.h */ = {isa = PBXFileReference; lastKnownFileType = sourcecode.c.h; path = Document.h; sourceTree = "<group>"; };
		9466EA0816485AAC0002F638 /* Document.m */ = {isa = PBXFileReference; lastKnownFileType = sourcecode.c.objc; path = Document.m; sourceTree = "<group>"; };
		9466EA0B16485AAC0002F638 /* en */ = {isa = PBXFileReference; lastKnownFileType = file.xib; name = en; path = en.lproj/Document.xib; sourceTree = "<group>"; };
		9466EA0E16485AAC0002F638 /* en */ = {isa = PBXFileReference; lastKnownFileType = file.xib; name = en; path = en.lproj/MainMenu.xib; sourceTree = "<group>"; };
/* End PBXFileReference section */

/* Begin PBXFrameworksBuildPhase section */
		9466E9EE16485AAC0002F638 /* Frameworks */ = {
			isa = PBXFrameworksBuildPhase;
			buildActionMask = 2147483647;
			files = (
				9466E9F616485AAC0002F638 /* Cocoa.framework in Frameworks */,
			);
			runOnlyForDeploymentPostprocessing = 0;
		};
/* End PBXFrameworksBuildPhase section */

/* Begin PBXGroup section */
		9466E9E616485AAC0002F638 = {
			isa = PBXGroup;
			children = (
				9466E9FB16485AAC0002F638 /* NSDocumentSandboxSparkleTest */,
				9466E9F416485AAC0002F638 /* Frameworks */,
				9466E9F216485AAC0002F638 /* Products */,
			);
			sourceTree = "<group>";
		};
		9466E9F216485AAC0002F638 /* Products */ = {
			isa = PBXGroup;
			children = (
				9466E9F116485AAC0002F638 /* NSDocumentSandboxSparkleTest.app */,
			);
			name = Products;
			sourceTree = "<group>";
		};
		9466E9F416485AAC0002F638 /* Frameworks */ = {
			isa = PBXGroup;
			children = (
				9466E9F516485AAC0002F638 /* Cocoa.framework */,
				9466E9F716485AAC0002F638 /* Other Frameworks */,
			);
			name = Frameworks;
			sourceTree = "<group>";
		};
		9466E9F716485AAC0002F638 /* Other Frameworks */ = {
			isa = PBXGroup;
			children = (
				9466E9F816485AAC0002F638 /* AppKit.framework */,
				9466E9F916485AAC0002F638 /* CoreData.framework */,
				9466E9FA16485AAC0002F638 /* Foundation.framework */,
			);
			name = "Other Frameworks";
			sourceTree = "<group>";
		};
		9466E9FB16485AAC0002F638 /* NSDocumentSandboxSparkleTest */ = {
			isa = PBXGroup;
			children = (
				9466EA0716485AAC0002F638 /* Document.h */,
				9466EA0816485AAC0002F638 /* Document.m */,
				9466EA0A16485AAC0002F638 /* Document.xib */,
				9466EA0D16485AAC0002F638 /* MainMenu.xib */,
				9466E9FC16485AAC0002F638 /* Supporting Files */,
			);
			path = NSDocumentSandboxSparkleTest;
			sourceTree = "<group>";
		};
		9466E9FC16485AAC0002F638 /* Supporting Files */ = {
			isa = PBXGroup;
			children = (
				9466E9FD16485AAC0002F638 /* NSDocumentSandboxSparkleTest-Info.plist */,
				9466E9FE16485AAC0002F638 /* InfoPlist.strings */,
				9466EA0116485AAC0002F638 /* main.m */,
				9466EA0316485AAC0002F638 /* NSDocumentSandboxSparkleTest-Prefix.pch */,
				9466EA0416485AAC0002F638 /* Credits.rtf */,
			);
			name = "Supporting Files";
			sourceTree = "<group>";
		};
/* End PBXGroup section */

/* Begin PBXNativeTarget section */
		9466E9F016485AAC0002F638 /* NSDocumentSandboxSparkleTest */ = {
			isa = PBXNativeTarget;
			buildConfigurationList = 9466EA1216485AAC0002F638 /* Build configuration list for PBXNativeTarget "NSDocumentSandboxSparkleTest" */;
			buildPhases = (
				9466E9ED16485AAC0002F638 /* Sources */,
				9466E9EE16485AAC0002F638 /* Frameworks */,
				9466E9EF16485AAC0002F638 /* Resources */,
			);
			buildRules = (
			);
			dependencies = (
			);
			name = NSDocumentSandboxSparkleTest;
			productName = NSDocumentSandboxSparkleTest;
			productReference = 9466E9F116485AAC0002F638 /* NSDocumentSandboxSparkleTest.app */;
			productType = "com.apple.product-type.application";
		};
/* End PBXNativeTarget section */

/* Begin PBXProject section */
		9466E9E816485AAC0002F638 /* Project object */ = {
			isa = PBXProject;
			attributes = {
				LastUpgradeCheck = 0450;
				ORGANIZATIONNAME = "Tumult Inc.";
			};
			buildConfigurationList = 9466E9EB16485AAC0002F638 /* Build configuration list for PBXProject "NSDocumentSandboxSparkleTest" */;
			compatibilityVersion = "Xcode 3.2";
			developmentRegion = English;
			hasScannedForEncodings = 0;
			knownRegions = (
				en,
			);
			mainGroup = 9466E9E616485AAC0002F638;
			productRefGroup = 9466E9F216485AAC0002F638 /* Products */;
			projectDirPath = "";
			projectRoot = "";
			targets = (
				9466E9F016485AAC0002F638 /* NSDocumentSandboxSparkleTest */,
			);
		};
/* End PBXProject section */

/* Begin PBXResourcesBuildPhase section */
		9466E9EF16485AAC0002F638 /* Resources */ = {
			isa = PBXResourcesBuildPhase;
			buildActionMask = 2147483647;
			files = (
				9466EA0016485AAC0002F638 /* InfoPlist.strings in Resources */,
				9466EA0616485AAC0002F638 /* Credits.rtf in Resources */,
				9466EA0C16485AAC0002F638 /* Document.xib in Resources */,
				9466EA0F16485AAC0002F638 /* MainMenu.xib in Resources */,
			);
			runOnlyForDeploymentPostprocessing = 0;
		};
/* End PBXResourcesBuildPhase section */

/* Begin PBXSourcesBuildPhase section */
		9466E9ED16485AAC0002F638 /* Sources */ = {
			isa = PBXSourcesBuildPhase;
			buildActionMask = 2147483647;
			files = (
				9466EA0216485AAC0002F638 /* main.m in Sources */,
				9466EA0916485AAC0002F638 /* Document.m in Sources */,
			);
			runOnlyForDeploymentPostprocessing = 0;
		};
/* End PBXSourcesBuildPhase section */

/* Begin PBXVariantGroup section */
		9466E9FE16485AAC0002F638 /* InfoPlist.strings */ = {
			isa = PBXVariantGroup;
			children = (
				9466E9FF16485AAC0002F638 /* en */,
			);
			name = InfoPlist.strings;
			sourceTree = "<group>";
		};
		9466EA0416485AAC0002F638 /* Credits.rtf */ = {
			isa = PBXVariantGroup;
			children = (
				9466EA0516485AAC0002F638 /* en */,
			);
			name = Credits.rtf;
			sourceTree = "<group>";
		};
		9466EA0A16485AAC0002F638 /* Document.xib */ = {
			isa = PBXVariantGroup;
			children = (
				9466EA0B16485AAC0002F638 /* en */,
			);
			name = Document.xib;
			sourceTree = "<group>";
		};
		9466EA0D16485AAC0002F638 /* MainMenu.xib */ = {
			isa = PBXVariantGroup;
			children = (
				9466EA0E16485AAC0002F638 /* en */,
			);
			name = MainMenu.xib;
			sourceTree = "<group>";
		};
/* End PBXVariantGroup section */

/* Begin XCBuildConfiguration section */
		9466EA1016485AAC0002F638 /* Debug */ = {
			isa = XCBuildConfiguration;
			buildSettings = {
				ALWAYS_SEARCH_USER_PATHS = NO;
				ARCHS = "$(ARCHS_STANDARD_64_BIT)";
				CLANG_CXX_LANGUAGE_STANDARD = "gnu++0x";
				CLANG_CXX_LIBRARY = "libc++";
				CLANG_ENABLE_OBJC_ARC = YES;
				CLANG_WARN_EMPTY_BODY = YES;
				CLANG_WARN__DUPLICATE_METHOD_MATCH = YES;
				COPY_PHASE_STRIP = NO;
				GCC_C_LANGUAGE_STANDARD = gnu99;
				GCC_DYNAMIC_NO_PIC = NO;
				GCC_ENABLE_OBJC_EXCEPTIONS = YES;
				GCC_OPTIMIZATION_LEVEL = 0;
				GCC_PREPROCESSOR_DEFINITIONS = (
					"DEBUG=1",
					"$(inherited)",
				);
				GCC_SYMBOLS_PRIVATE_EXTERN = NO;
				GCC_WARN_64_TO_32_BIT_CONVERSION = YES;
				GCC_WARN_ABOUT_RETURN_TYPE = YES;
				GCC_WARN_UNINITIALIZED_AUTOS = YES;
				GCC_WARN_UNUSED_VARIABLE = YES;
				MACOSX_DEPLOYMENT_TARGET = 10.8;
				ONLY_ACTIVE_ARCH = YES;
				SDKROOT = macosx;
			};
			name = Debug;
		};
		9466EA1116485AAC0002F638 /* Release */ = {
			isa = XCBuildConfiguration;
			buildSettings = {
				ALWAYS_SEARCH_USER_PATHS = NO;
				ARCHS = "$(ARCHS_STANDARD_64_BIT)";
				CLANG_CXX_LANGUAGE_STANDARD = "gnu++0x";
				CLANG_CXX_LIBRARY = "libc++";
				CLANG_ENABLE_OBJC_ARC = YES;
				CLANG_WARN_EMPTY_BODY = YES;
				CLANG_WARN__DUPLICATE_METHOD_MATCH = YES;
				COPY_PHASE_STRIP = YES;
				DEBUG_INFORMATION_FORMAT = "dwarf-with-dsym";
				GCC_C_LANGUAGE_STANDARD = gnu99;
				GCC_ENABLE_OBJC_EXCEPTIONS = YES;
				GCC_WARN_64_TO_32_BIT_CONVERSION = YES;
				GCC_WARN_ABOUT_RETURN_TYPE = YES;
				GCC_WARN_UNINITIALIZED_AUTOS = YES;
				GCC_WARN_UNUSED_VARIABLE = YES;
				MACOSX_DEPLOYMENT_TARGET = 10.8;
				SDKROOT = macosx;
			};
			name = Release;
		};
		9466EA1316485AAC0002F638 /* Debug */ = {
			isa = XCBuildConfiguration;
			buildSettings = {
				COMBINE_HIDPI_IMAGES = YES;
				GCC_PRECOMPILE_PREFIX_HEADER = YES;
				GCC_PREFIX_HEADER = "NSDocumentSandboxSparkleTest/NSDocumentSandboxSparkleTest-Prefix.pch";
				INFOPLIST_FILE = "NSDocumentSandboxSparkleTest/NSDocumentSandboxSparkleTest-Info.plist";
				PRODUCT_NAME = "$(TARGET_NAME)";
				WRAPPER_EXTENSION = app;
			};
			name = Debug;
		};
		9466EA1416485AAC0002F638 /* Release */ = {
			isa = XCBuildConfiguration;
			buildSettings = {
				COMBINE_HIDPI_IMAGES = YES;
				GCC_PRECOMPILE_PREFIX_HEADER = YES;
				GCC_PREFIX_HEADER = "NSDocumentSandboxSparkleTest/NSDocumentSandboxSparkleTest-Prefix.pch";
				INFOPLIST_FILE = "NSDocumentSandboxSparkleTest/NSDocumentSandboxSparkleTest-Info.plist";
				PRODUCT_NAME = "$(TARGET_NAME)";
				WRAPPER_EXTENSION = app;
			};
			name = Release;
		};
/* End XCBuildConfiguration section */

/* Begin XCConfigurationList section */
		9466E9EB16485AAC0002F638 /* Build configuration list for PBXProject "NSDocumentSandboxSparkleTest" */ = {
			isa = XCConfigurationList;
			buildConfigurations = (
				9466EA1016485AAC0002F638 /* Debug */,
				9466EA1116485AAC0002F638 /* Release */,
			);
			defaultConfigurationIsVisible = 0;
			defaultConfigurationName = Release;
		};
		9466EA1216485AAC0002F638 /* Build configuration list for PBXNativeTarget "NSDocumentSandboxSparkleTest" */ = {
			isa = XCConfigurationList;
			buildConfigurations = (
				9466EA1316485AAC0002F638 /* Debug */,
				9466EA1416485AAC0002F638 /* Release */,
			);
			defaultConfigurationIsVisible = 0;
		};
/* End XCConfigurationList section */
	};
	rootObject = 9466E9E816485AAC0002F638 /* Project object */;
}
